
Microsoft Visual Studio Solution File, Format Version 12.00
# Visual Studio Version 16
VisualStudioVersion = 16.0.32106.194
MinimumVisualStudioVersion = 10.0.40219.1
Project("{FAE04EC0-301F-11D3-BF4B-00C04F79EFBC}") = "Les_Sorina_Lab2", "Les_Sorina_Lab2.csproj", "{27B11845-7B31-48EA-81E5-7C233B6E1ECB}"
EndProject
Global
	GlobalSection(SolutionConfigurationPlatforms) = preSolution
		Debug|Any CPU = Debug|Any CPU
		Release|Any CPU = Release|Any CPU
	EndGlobalSection
	GlobalSection(ProjectConfigurationPlatforms) = postSolution
		{27B11845-7B31-48EA-81E5-7C233B6E1ECB}.Debug|Any CPU.ActiveCfg = Debug|Any CPU
		{27B11845-7B31-48EA-81E5-7C233B6E1ECB}.Debug|Any CPU.Build.0 = Debug|Any CPU
		{27B11845-7B31-48EA-81E5-7C233B6E1ECB}.Release|Any CPU.ActiveCfg = Release|Any CPU
		{27B11845-7B31-48EA-81E5-7C233B6E1ECB}.Release|Any CPU.Build.0 = Release|Any CPU
	EndGlobalSection
	GlobalSection(SolutionProperties) = preSolution
		HideSolutionNode = FALSE
	EndGlobalSection
	GlobalSection(ExtensibilityGlobals) = postSolution
		SolutionGuid = {135FF03D-1436-4C73-8329-A20FA72CE6A0}
	EndGlobalSection
EndGlobal
